
Microsoft Visual Studio Solution File, Format Version 12.00
# Visual Studio Version 17
VisualStudioVersion = 17.9.34728.123
MinimumVisualStudioVersion = 10.0.40219.1
Project("{FAE04EC0-301F-11D3-BF4B-00C04F79EFBC}") = "WindowsFormsApp1", "WindowsFormsApp1\WindowsFormsApp1.csproj", "{328E3FE4-D477-4AE5-A869-E7B01C8C3D54}"
EndProject
Global
	GlobalSection(SolutionConfigurationPlatforms) = preSolution
		Debug|Any CPU = Debug|Any CPU
		Release|Any CPU = Release|Any CPU
	EndGlobalSection
	GlobalSection(ProjectConfigurationPlatforms) = postSolution
		{328E3FE4-D477-4AE5-A869-E7B01C8C3D54}.Debug|Any CPU.ActiveCfg = Debug|Any CPU
		{328E3FE4-D477-4AE5-A869-E7B01C8C3D54}.Debug|Any CPU.Build.0 = Debug|Any CPU
		{328E3FE4-D477-4AE5-A869-E7B01C8C3D54}.Release|Any CPU.ActiveCfg = Release|Any CPU
		{328E3FE4-D477-4AE5-A869-E7B01C8C3D54}.Release|Any CPU.Build.0 = Release|Any CPU
	EndGlobalSection
	GlobalSection(SolutionProperties) = preSolution
		HideSolutionNode = FALSE
	EndGlobalSection
	GlobalSection(ExtensibilityGlobals) = postSolution
		SolutionGuid = {2F04F153-2A89-4283-84B4-B97CDE0F5754}
	EndGlobalSection
EndGlobal
